
Microsoft Visual Studio Solution File, Format Version 12.00
# Visual Studio Version 17
VisualStudioVersion = 17.2.32630.192
MinimumVisualStudioVersion = 10.0.40219.1
Project("{8BC9CEB8-8B4A-11D0-8D11-00A0C91BC942}") = "DS-W01-EJ02", "DS-W01-EJ02\DS-W01-EJ02.vcxproj", "{AB131618-4CE3-40A4-A73B-58F442CC33F3}"
EndProject
Global
	GlobalSection(SolutionConfigurationPlatforms) = preSolution
		Debug|x64 = Debug|x64
		Debug|x86 = Debug|x86
		Release|x64 = Release|x64
		Release|x86 = Release|x86
	EndGlobalSection
	GlobalSection(ProjectConfigurationPlatforms) = postSolution
		{AB131618-4CE3-40A4-A73B-58F442CC33F3}.Debug|x64.ActiveCfg = Debug|x64
		{AB131618-4CE3-40A4-A73B-58F442CC33F3}.Debug|x64.Build.0 = Debug|x64
		{AB131618-4CE3-40A4-A73B-58F442CC33F3}.Debug|x86.ActiveCfg = Debug|Win32
		{AB131618-4CE3-40A4-A73B-58F442CC33F3}.Debug|x86.Build.0 = Debug|Win32
		{AB131618-4CE3-40A4-A73B-58F442CC33F3}.Release|x64.ActiveCfg = Release|x64
		{AB131618-4CE3-40A4-A73B-58F442CC33F3}.Release|x64.Build.0 = Release|x64
		{AB131618-4CE3-40A4-A73B-58F442CC33F3}.Release|x86.ActiveCfg = Release|Win32
		{AB131618-4CE3-40A4-A73B-58F442CC33F3}.Release|x86.Build.0 = Release|Win32
	EndGlobalSection
	GlobalSection(SolutionProperties) = preSolution
		HideSolutionNode = FALSE
	EndGlobalSection
	GlobalSection(ExtensibilityGlobals) = postSolution
		SolutionGuid = {3A91021D-5FB3-46A2-B260-DFE66D5723B6}
	EndGlobalSection
EndGlobal
